# THIS IS AN AUTOGENERATED FILE. DO NOT EDIT THIS FILE DIRECTLY.
# yarn lockfile v1


route@^0.2.5:
  version "0.2.5"
  resolved "https://registry.yarnpkg.com/route/-/route-0.2.5.tgz#edd77b83909187266c7674e2938fd994fba009ec"
  integrity sha512-B88LDMAwyFpIY54KKnyQknA+pTvNsBUK/tMaMHCmny8IB54/bLvtQAaSDrzYyAUgrWGHkwhXoRwoceKZa1PItQ==
